
Microsoft Visual Studio Solution File, Format Version 12.00
# Visual Studio 15
VisualStudioVersion = 15.0.26730.8
MinimumVisualStudioVersion = 10.0.40219.1
Project("{9A19103F-16F7-4668-BE54-9A1E7A4F7556}") = "Aspros_DDD_Demo", "Aspros_DDD_Demo\Aspros_DDD_Demo.csproj", "{7F5D98F7-7078-4EF7-A348-080B6CAD9578}"
EndProject
Project("{2150E333-8FDC-42A3-9474-1A3956D46DE8}") = "1.Presentation", "1.Presentation", "{708BC592-6E52-4CAF-901B-4ABB233A2560}"
EndProject
Project("{2150E333-8FDC-42A3-9474-1A3956D46DE8}") = "2.Application", "2.Application", "{4BBF7269-D49E-4CA5-999E-7656F4702197}"
EndProject
Project("{2150E333-8FDC-42A3-9474-1A3956D46DE8}") = "3.Domain", "3.Domain", "{A38E4F97-470F-445B-9154-F94C3A54C207}"
EndProject
Project("{2150E333-8FDC-42A3-9474-1A3956D46DE8}") = "4.Infrastructure", "4.Infrastructure", "{C4C68BF8-4C73-4181-B605-4E56CB73B3B1}"
EndProject
Project("{9A19103F-16F7-4668-BE54-9A1E7A4F7556}") = "Aspros_DDD_BootStrapping", "Aspros_DDD_BootStrapping\Aspros_DDD_BootStrapping.csproj", "{D63C4C03-7801-4429-9C30-4EC3B5B38BC9}"
EndProject
Project("{9A19103F-16F7-4668-BE54-9A1E7A4F7556}") = "Aspros_DDD_Infrastructure_Repository", "Aspros_DDD_Infrastructure_Repository\Aspros_DDD_Infrastructure_Repository.csproj", "{4CCC6E0E-7A3D-471D-B84C-3995E8A21100}"
EndProject
Project("{9A19103F-16F7-4668-BE54-9A1E7A4F7556}") = "Aspros_DDD_Infrastructure", "Aspros_DDD_Infrastructure\Aspros_DDD_Infrastructure.csproj", "{371EB0E5-D43B-42D0-8EE0-A43565839979}"
EndProject
Project("{9A19103F-16F7-4668-BE54-9A1E7A4F7556}") = "Aspros_DDD_Repository", "Aspros_DDD_Repository\Aspros_DDD_Repository.csproj", "{7B0B350A-1154-465F-B9BB-F6C159088B65}"
EndProject
Project("{9A19103F-16F7-4668-BE54-9A1E7A4F7556}") = "Aspros_DDD_Domain", "Aspros_DDD_Domain\Aspros_DDD_Domain.csproj", "{B67FB5B4-27CB-4FCF-8A40-2B46DD743B26}"
EndProject
Project("{9A19103F-16F7-4668-BE54-9A1E7A4F7556}") = "Aspros_DDD_Domain_DomainService", "Aspros_DDD_Domain_DomainService\Aspros_DDD_Domain_DomainService.csproj", "{28381450-980C-45B5-9318-7789A45F704C}"
EndProject
Project("{9A19103F-16F7-4668-BE54-9A1E7A4F7556}") = "Aspros_DDD_Domain_Repository_Interfaces", "Aspros_DDD_Domain_Repository_Interfaces\Aspros_DDD_Domain_Repository_Interfaces.csproj", "{B0BDA847-F033-4169-9DC7-56E38A1B123F}"
EndProject
Project("{9A19103F-16F7-4668-BE54-9A1E7A4F7556}") = "Aspros_DDD_Domain_ValueObject", "Aspros_DDD_Domain_ValueObject\Aspros_DDD_Domain_ValueObject.csproj", "{0758D20D-6190-4179-A3C4-A62127B98A32}"
EndProject
Project("{9A19103F-16F7-4668-BE54-9A1E7A4F7556}") = "Aspros_DDD_Application", "Aspros_DDD_Application\Aspros_DDD_Application.csproj", "{660A2896-1D78-43F9-BCE4-5DE79D6F4B38}"
EndProject
Project("{9A19103F-16F7-4668-BE54-9A1E7A4F7556}") = "Aspros_DDD_Application_Dtos", "Aspros_DDD_Application_Dtos\Aspros_DDD_Application_Dtos.csproj", "{3CDB369E-778D-47D1-A4AE-31E3DD69BF89}"
EndProject
Project("{9A19103F-16F7-4668-BE54-9A1E7A4F7556}") = "Aspros_DDD_Application_Interfaces", "Aspros_DDD_Application_Interfaces\Aspros_DDD_Application_Interfaces.csproj", "{B97F37CB-C9BA-4ED2-A30A-C651D270C836}"
EndProject
Project("{2150E333-8FDC-42A3-9474-1A3956D46DE8}") = "5.ClassLib", "5.ClassLib", "{D184B4F4-7DB8-4177-AAB2-658520569116}"
EndProject
Project("{9A19103F-16F7-4668-BE54-9A1E7A4F7556}") = "Framework.Domain.Core", "Framework.Domain.Core\Framework.Domain.Core.csproj", "{282E8FF6-97B5-47AC-9233-5D9FDD6140EE}"
EndProject
Project("{9A19103F-16F7-4668-BE54-9A1E7A4F7556}") = "Framework.Infrastructure.Interfaces.Core", "Framework.Infrastructure.Interfaces.Core\Framework.Infrastructure.Interfaces.Core.csproj", "{4FEDBDD3-13AA-4495-92F4-70047451498A}"
EndProject
Project("{9A19103F-16F7-4668-BE54-9A1E7A4F7556}") = "Framework.Infrastructure.Repository.Core", "Framework.Infrastructure.Repository.Core\Framework.Infrastructure.Repository.Core.csproj", "{3AF201D7-1269-4544-BCA4-8CF5D437B112}"
EndProject
Project("{2150E333-8FDC-42A3-9474-1A3956D46DE8}") = "6.Test", "6.Test", "{18D341D4-46DD-484C-AF0C-F00B7275961F}"
EndProject
Project("{9A19103F-16F7-4668-BE54-9A1E7A4F7556}") = "XUnitTest", "XUnitTest\XUnitTest.csproj", "{B1257874-6AC2-4FDB-98BD-3DC7E5717E4C}"
EndProject
Project("{9A19103F-16F7-4668-BE54-9A1E7A4F7556}") = "UserTests", "UserTests\UserTests.csproj", "{6E24F657-9D87-4625-B30B-089A924C82CC}"
EndProject
Project("{FAE04EC0-301F-11D3-BF4B-00C04F79EFBC}") = "Framework.Domain.ValueObjects", "Framework.Domain.ValueObjects\Framework.Domain.ValueObjects.csproj", "{17E5FAFA-2911-4FD3-B0B8-FBC6CFE8E997}"
EndProject
Project("{FAE04EC0-301F-11D3-BF4B-00C04F79EFBC}") = "Framework.Infrastructure.Core", "Framework.Infrastructure.Core\Framework.Infrastructure.Core.csproj", "{03D34254-508C-449F-983E-CEB1E0766626}"
EndProject
Project("{FAE04EC0-301F-11D3-BF4B-00C04F79EFBC}") = "Framework.Common.Core", "Framework.Common.Core\Framework.Common.Core.csproj", "{788092C8-B1DB-425B-8F30-8517AD865FBA}"
EndProject
Project("{FAE04EC0-301F-11D3-BF4B-00C04F79EFBC}") = "Aspros_DDD_Api", "Aspros_DDD_Api\Aspros_DDD_Api.csproj", "{6721100E-A7C3-41E8-BBA2-B076E3EC23F0}"
EndProject
Global
	GlobalSection(SolutionConfigurationPlatforms) = preSolution
		Debug|Any CPU = Debug|Any CPU
		Debug|x64 = Debug|x64
		Debug|x86 = Debug|x86
		Release|Any CPU = Release|Any CPU
		Release|x64 = Release|x64
		Release|x86 = Release|x86
	EndGlobalSection
	GlobalSection(ProjectConfigurationPlatforms) = postSolution
		{7F5D98F7-7078-4EF7-A348-080B6CAD9578}.Debug|Any CPU.ActiveCfg = Debug|Any CPU
		{7F5D98F7-7078-4EF7-A348-080B6CAD9578}.Debug|Any CPU.Build.0 = Debug|Any CPU
		{7F5D98F7-7078-4EF7-A348-080B6CAD9578}.Debug|x64.ActiveCfg = Debug|Any CPU
		{7F5D98F7-7078-4EF7-A348-080B6CAD9578}.Debug|x64.Build.0 = Debug|Any CPU
		{7F5D98F7-7078-4EF7-A348-080B6CAD9578}.Debug|x86.ActiveCfg = Debug|Any CPU
		{7F5D98F7-7078-4EF7-A348-080B6CAD9578}.Debug|x86.Build.0 = Debug|Any CPU
		{7F5D98F7-7078-4EF7-A348-080B6CAD9578}.Release|Any CPU.ActiveCfg = Release|Any CPU
		{7F5D98F7-7078-4EF7-A348-080B6CAD9578}.Release|Any CPU.Build.0 = Release|Any CPU
		{7F5D98F7-7078-4EF7-A348-080B6CAD9578}.Release|x64.ActiveCfg = Release|Any CPU
		{7F5D98F7-7078-4EF7-A348-080B6CAD9578}.Release|x64.Build.0 = Release|Any CPU
		{7F5D98F7-7078-4EF7-A348-080B6CAD9578}.Release|x86.ActiveCfg = Release|Any CPU
		{7F5D98F7-7078-4EF7-A348-080B6CAD9578}.Release|x86.Build.0 = Release|Any CPU
		{D63C4C03-7801-4429-9C30-4EC3B5B38BC9}.Debug|Any CPU.ActiveCfg = Debug|Any CPU
		{D63C4C03-7801-4429-9C30-4EC3B5B38BC9}.Debug|Any CPU.Build.0 = Debug|Any CPU
		{D63C4C03-7801-4429-9C30-4EC3B5B38BC9}.Debug|x64.ActiveCfg = Debug|Any CPU
		{D63C4C03-7801-4429-9C30-4EC3B5B38BC9}.Debug|x64.Build.0 = Debug|Any CPU
		{D63C4C03-7801-4429-9C30-4EC3B5B38BC9}.Debug|x86.ActiveCfg = Debug|Any CPU
		{D63C4C03-7801-4429-9C30-4EC3B5B38BC9}.Debug|x86.Build.0 = Debug|Any CPU
		{D63C4C03-7801-4429-9C30-4EC3B5B38BC9}.Release|Any CPU.ActiveCfg = Release|Any CPU
		{D63C4C03-7801-4429-9C30-4EC3B5B38BC9}.Release|Any CPU.Build.0 = Release|Any CPU
		{D63C4C03-7801-4429-9C30-4EC3B5B38BC9}.Release|x64.ActiveCfg = Release|Any CPU
		{D63C4C03-7801-4429-9C30-4EC3B5B38BC9}.Release|x64.Build.0 = Release|Any CPU
		{D63C4C03-7801-4429-9C30-4EC3B5B38BC9}.Release|x86.ActiveCfg = Release|Any CPU
		{D63C4C03-7801-4429-9C30-4EC3B5B38BC9}.Release|x86.Build.0 = Release|Any CPU
		{4CCC6E0E-7A3D-471D-B84C-3995E8A21100}.Debug|Any CPU.ActiveCfg = Debug|Any CPU
		{4CCC6E0E-7A3D-471D-B84C-3995E8A21100}.Debug|Any CPU.Build.0 = Debug|Any CPU
		{4CCC6E0E-7A3D-471D-B84C-3995E8A21100}.Debug|x64.ActiveCfg = Debug|Any CPU
		{4CCC6E0E-7A3D-471D-B84C-3995E8A21100}.Debug|x64.Build.0 = Debug|Any CPU
		{4CCC6E0E-7A3D-471D-B84C-3995E8A21100}.Debug|x86.ActiveCfg = Debug|Any CPU
		{4CCC6E0E-7A3D-471D-B84C-3995E8A21100}.Debug|x86.Build.0 = Debug|Any CPU
		{4CCC6E0E-7A3D-471D-B84C-3995E8A21100}.Release|Any CPU.ActiveCfg = Release|Any CPU
		{4CCC6E0E-7A3D-471D-B84C-3995E8A21100}.Release|Any CPU.Build.0 = Release|Any CPU
		{4CCC6E0E-7A3D-471D-B84C-3995E8A21100}.Release|x64.ActiveCfg = Release|Any CPU
		{4CCC6E0E-7A3D-471D-B84C-3995E8A21100}.Release|x64.Build.0 = Release|Any CPU
		{4CCC6E0E-7A3D-471D-B84C-3995E8A21100}.Release|x86.ActiveCfg = Release|Any CPU
		{4CCC6E0E-7A3D-471D-B84C-3995E8A21100}.Release|x86.Build.0 = Release|Any CPU
		{371EB0E5-D43B-42D0-8EE0-A43565839979}.Debug|Any CPU.ActiveCfg = Debug|Any CPU
		{371EB0E5-D43B-42D0-8EE0-A43565839979}.Debug|Any CPU.Build.0 = Debug|Any CPU
		{371EB0E5-D43B-42D0-8EE0-A43565839979}.Debug|x64.ActiveCfg = Debug|Any CPU
		{371EB0E5-D43B-42D0-8EE0-A43565839979}.Debug|x64.Build.0 = Debug|Any CPU
		{371EB0E5-D43B-42D0-8EE0-A43565839979}.Debug|x86.ActiveCfg = Debug|Any CPU
		{371EB0E5-D43B-42D0-8EE0-A43565839979}.Debug|x86.Build.0 = Debug|Any CPU
		{371EB0E5-D43B-42D0-8EE0-A43565839979}.Release|Any CPU.ActiveCfg = Release|Any CPU
		{371EB0E5-D43B-42D0-8EE0-A43565839979}.Release|Any CPU.Build.0 = Release|Any CPU
		{371EB0E5-D43B-42D0-8EE0-A43565839979}.Release|x64.ActiveCfg = Release|Any CPU
		{371EB0E5-D43B-42D0-8EE0-A43565839979}.Release|x64.Build.0 = Release|Any CPU
		{371EB0E5-D43B-42D0-8EE0-A43565839979}.Release|x86.ActiveCfg = Release|Any CPU
		{371EB0E5-D43B-42D0-8EE0-A43565839979}.Release|x86.Build.0 = Release|Any CPU
		{7B0B350A-1154-465F-B9BB-F6C159088B65}.Debug|Any CPU.ActiveCfg = Debug|Any CPU
		{7B0B350A-1154-465F-B9BB-F6C159088B65}.Debug|Any CPU.Build.0 = Debug|Any CPU
		{7B0B350A-1154-465F-B9BB-F6C159088B65}.Debug|x64.ActiveCfg = Debug|Any CPU
		{7B0B350A-1154-465F-B9BB-F6C159088B65}.Debug|x64.Build.0 = Debug|Any CPU
		{7B0B350A-1154-465F-B9BB-F6C159088B65}.Debug|x86.ActiveCfg = Debug|Any CPU
		{7B0B350A-1154-465F-B9BB-F6C159088B65}.Debug|x86.Build.0 = Debug|Any CPU
		{7B0B350A-1154-465F-B9BB-F6C159088B65}.Release|Any CPU.ActiveCfg = Release|Any CPU
		{7B0B350A-1154-465F-B9BB-F6C159088B65}.Release|Any CPU.Build.0 = Release|Any CPU
		{7B0B350A-1154-465F-B9BB-F6C159088B65}.Release|x64.ActiveCfg = Release|Any CPU
		{7B0B350A-1154-465F-B9BB-F6C159088B65}.Release|x64.Build.0 = Release|Any CPU
		{7B0B350A-1154-465F-B9BB-F6C159088B65}.Release|x86.ActiveCfg = Release|Any CPU
		{7B0B350A-1154-465F-B9BB-F6C159088B65}.Release|x86.Build.0 = Release|Any CPU
		{B67FB5B4-27CB-4FCF-8A40-2B46DD743B26}.Debug|Any CPU.ActiveCfg = Debug|Any CPU
		{B67FB5B4-27CB-4FCF-8A40-2B46DD743B26}.Debug|Any CPU.Build.0 = Debug|Any CPU
		{B67FB5B4-27CB-4FCF-8A40-2B46DD743B26}.Debug|x64.ActiveCfg = Debug|Any CPU
		{B67FB5B4-27CB-4FCF-8A40-2B46DD743B26}.Debug|x64.Build.0 = Debug|Any CPU
		{B67FB5B4-27CB-4FCF-8A40-2B46DD743B26}.Debug|x86.ActiveCfg = Debug|Any CPU
		{B67FB5B4-27CB-4FCF-8A40-2B46DD743B26}.Debug|x86.Build.0 = Debug|Any CPU
		{B67FB5B4-27CB-4FCF-8A40-2B46DD743B26}.Release|Any CPU.ActiveCfg = Release|Any CPU
		{B67FB5B4-27CB-4FCF-8A40-2B46DD743B26}.Release|Any CPU.Build.0 = Release|Any CPU
		{B67FB5B4-27CB-4FCF-8A40-2B46DD743B26}.Release|x64.ActiveCfg = Release|Any CPU
		{B67FB5B4-27CB-4FCF-8A40-2B46DD743B26}.Release|x64.Build.0 = Release|Any CPU
		{B67FB5B4-27CB-4FCF-8A40-2B46DD743B26}.Release|x86.ActiveCfg = Release|Any CPU
		{B67FB5B4-27CB-4FCF-8A40-2B46DD743B26}.Release|x86.Build.0 = Release|Any CPU
		{28381450-980C-45B5-9318-7789A45F704C}.Debug|Any CPU.ActiveCfg = Debug|Any CPU
		{28381450-980C-45B5-9318-7789A45F704C}.Debug|Any CPU.Build.0 = Debug|Any CPU
		{28381450-980C-45B5-9318-7789A45F704C}.Debug|x64.ActiveCfg = Debug|Any CPU
		{28381450-980C-45B5-9318-7789A45F704C}.Debug|x64.Build.0 = Debug|Any CPU
		{28381450-980C-45B5-9318-7789A45F704C}.Debug|x86.ActiveCfg = Debug|Any CPU
		{28381450-980C-45B5-9318-7789A45F704C}.Debug|x86.Build.0 = Debug|Any CPU
		{28381450-980C-45B5-9318-7789A45F704C}.Release|Any CPU.ActiveCfg = Release|Any CPU
		{28381450-980C-45B5-9318-7789A45F704C}.Release|Any CPU.Build.0 = Release|Any CPU
		{28381450-980C-45B5-9318-7789A45F704C}.Release|x64.ActiveCfg = Release|Any CPU
		{28381450-980C-45B5-9318-7789A45F704C}.Release|x64.Build.0 = Release|Any CPU
		{28381450-980C-45B5-9318-7789A45F704C}.Release|x86.ActiveCfg = Release|Any CPU
		{28381450-980C-45B5-9318-7789A45F704C}.Release|x86.Build.0 = Release|Any CPU
		{B0BDA847-F033-4169-9DC7-56E38A1B123F}.Debug|Any CPU.ActiveCfg = Debug|Any CPU
		{B0BDA847-F033-4169-9DC7-56E38A1B123F}.Debug|Any CPU.Build.0 = Debug|Any CPU
		{B0BDA847-F033-4169-9DC7-56E38A1B123F}.Debug|x64.ActiveCfg = Debug|Any CPU
		{B0BDA847-F033-4169-9DC7-56E38A1B123F}.Debug|x64.Build.0 = Debug|Any CPU
		{B0BDA847-F033-4169-9DC7-56E38A1B123F}.Debug|x86.ActiveCfg = Debug|Any CPU
		{B0BDA847-F033-4169-9DC7-56E38A1B123F}.Debug|x86.Build.0 = Debug|Any CPU
		{B0BDA847-F033-4169-9DC7-56E38A1B123F}.Release|Any CPU.ActiveCfg = Release|Any CPU
		{B0BDA847-F033-4169-9DC7-56E38A1B123F}.Release|Any CPU.Build.0 = Release|Any CPU
		{B0BDA847-F033-4169-9DC7-56E38A1B123F}.Release|x64.ActiveCfg = Release|Any CPU
		{B0BDA847-F033-4169-9DC7-56E38A1B123F}.Release|x64.Build.0 = Release|Any CPU
		{B0BDA847-F033-4169-9DC7-56E38A1B123F}.Release|x86.ActiveCfg = Release|Any CPU
		{B0BDA847-F033-4169-9DC7-56E38A1B123F}.Release|x86.Build.0 = Release|Any CPU
		{0758D20D-6190-4179-A3C4-A62127B98A32}.Debug|Any CPU.ActiveCfg = Debug|Any CPU
		{0758D20D-6190-4179-A3C4-A62127B98A32}.Debug|Any CPU.Build.0 = Debug|Any CPU
		{0758D20D-6190-4179-A3C4-A62127B98A32}.Debug|x64.ActiveCfg = Debug|Any CPU
		{0758D20D-6190-4179-A3C4-A62127B98A32}.Debug|x64.Build.0 = Debug|Any CPU
		{0758D20D-6190-4179-A3C4-A62127B98A32}.Debug|x86.ActiveCfg = Debug|Any CPU
		{0758D20D-6190-4179-A3C4-A62127B98A32}.Debug|x86.Build.0 = Debug|Any CPU
		{0758D20D-6190-4179-A3C4-A62127B98A32}.Release|Any CPU.ActiveCfg = Release|Any CPU
		{0758D20D-6190-4179-A3C4-A62127B98A32}.Release|Any CPU.Build.0 = Release|Any CPU
		{0758D20D-6190-4179-A3C4-A62127B98A32}.Release|x64.ActiveCfg = Release|Any CPU
		{0758D20D-6190-4179-A3C4-A62127B98A32}.Release|x64.Build.0 = Release|Any CPU
		{0758D20D-6190-4179-A3C4-A62127B98A32}.Release|x86.ActiveCfg = Release|Any CPU
		{0758D20D-6190-4179-A3C4-A62127B98A32}.Release|x86.Build.0 = Release|Any CPU
		{660A2896-1D78-43F9-BCE4-5DE79D6F4B38}.Debug|Any CPU.ActiveCfg = Debug|Any CPU
		{660A2896-1D78-43F9-BCE4-5DE79D6F4B38}.Debug|Any CPU.Build.0 = Debug|Any CPU
		{660A2896-1D78-43F9-BCE4-5DE79D6F4B38}.Debug|x64.ActiveCfg = Debug|Any CPU
		{660A2896-1D78-43F9-BCE4-5DE79D6F4B38}.Debug|x64.Build.0 = Debug|Any CPU
		{660A2896-1D78-43F9-BCE4-5DE79D6F4B38}.Debug|x86.ActiveCfg = Debug|Any CPU
		{660A2896-1D78-43F9-BCE4-5DE79D6F4B38}.Debug|x86.Build.0 = Debug|Any CPU
		{660A2896-1D78-43F9-BCE4-5DE79D6F4B38}.Release|Any CPU.ActiveCfg = Release|Any CPU
		{660A2896-1D78-43F9-BCE4-5DE79D6F4B38}.Release|Any CPU.Build.0 = Release|Any CPU
		{660A2896-1D78-43F9-BCE4-5DE79D6F4B38}.Release|x64.ActiveCfg = Release|Any CPU
		{660A2896-1D78-43F9-BCE4-5DE79D6F4B38}.Release|x64.Build.0 = Release|Any CPU
		{660A2896-1D78-43F9-BCE4-5DE79D6F4B38}.Release|x86.ActiveCfg = Release|Any CPU
		{660A2896-1D78-43F9-BCE4-5DE79D6F4B38}.Release|x86.Build.0 = Release|Any CPU
		{3CDB369E-778D-47D1-A4AE-31E3DD69BF89}.Debug|Any CPU.ActiveCfg = Debug|Any CPU
		{3CDB369E-778D-47D1-A4AE-31E3DD69BF89}.Debug|Any CPU.Build.0 = Debug|Any CPU
		{3CDB369E-778D-47D1-A4AE-31E3DD69BF89}.Debug|x64.ActiveCfg = Debug|Any CPU
		{3CDB369E-778D-47D1-A4AE-31E3DD69BF89}.Debug|x64.Build.0 = Debug|Any CPU
		{3CDB369E-778D-47D1-A4AE-31E3DD69BF89}.Debug|x86.ActiveCfg = Debug|Any CPU
		{3CDB369E-778D-47D1-A4AE-31E3DD69BF89}.Debug|x86.Build.0 = Debug|Any CPU
		{3CDB369E-778D-47D1-A4AE-31E3DD69BF89}.Release|Any CPU.ActiveCfg = Release|Any CPU
		{3CDB369E-778D-47D1-A4AE-31E3DD69BF89}.Release|Any CPU.Build.0 = Release|Any CPU
		{3CDB369E-778D-47D1-A4AE-31E3DD69BF89}.Release|x64.ActiveCfg = Release|Any CPU
		{3CDB369E-778D-47D1-A4AE-31E3DD69BF89}.Release|x64.Build.0 = Release|Any CPU
		{3CDB369E-778D-47D1-A4AE-31E3DD69BF89}.Release|x86.ActiveCfg = Release|Any CPU
		{3CDB369E-778D-47D1-A4AE-31E3DD69BF89}.Release|x86.Build.0 = Release|Any CPU
		{B97F37CB-C9BA-4ED2-A30A-C651D270C836}.Debug|Any CPU.ActiveCfg = Debug|Any CPU
		{B97F37CB-C9BA-4ED2-A30A-C651D270C836}.Debug|Any CPU.Build.0 = Debug|Any CPU
		{B97F37CB-C9BA-4ED2-A30A-C651D270C836}.Debug|x64.ActiveCfg = Debug|Any CPU
		{B97F37CB-C9BA-4ED2-A30A-C651D270C836}.Debug|x64.Build.0 = Debug|Any CPU
		{B97F37CB-C9BA-4ED2-A30A-C651D270C836}.Debug|x86.ActiveCfg = Debug|Any CPU
		{B97F37CB-C9BA-4ED2-A30A-C651D270C836}.Debug|x86.Build.0 = Debug|Any CPU
		{B97F37CB-C9BA-4ED2-A30A-C651D270C836}.Release|Any CPU.ActiveCfg = Release|Any CPU
		{B97F37CB-C9BA-4ED2-A30A-C651D270C836}.Release|Any CPU.Build.0 = Release|Any CPU
		{B97F37CB-C9BA-4ED2-A30A-C651D270C836}.Release|x64.ActiveCfg = Release|Any CPU
		{B97F37CB-C9BA-4ED2-A30A-C651D270C836}.Release|x64.Build.0 = Release|Any CPU
		{B97F37CB-C9BA-4ED2-A30A-C651D270C836}.Release|x86.ActiveCfg = Release|Any CPU
		{B97F37CB-C9BA-4ED2-A30A-C651D270C836}.Release|x86.Build.0 = Release|Any CPU
		{282E8FF6-97B5-47AC-9233-5D9FDD6140EE}.Debug|Any CPU.ActiveCfg = Debug|Any CPU
		{282E8FF6-97B5-47AC-9233-5D9FDD6140EE}.Debug|Any CPU.Build.0 = Debug|Any CPU
		{282E8FF6-97B5-47AC-9233-5D9FDD6140EE}.Debug|x64.ActiveCfg = Debug|Any CPU
		{282E8FF6-97B5-47AC-9233-5D9FDD6140EE}.Debug|x64.Build.0 = Debug|Any CPU
		{282E8FF6-97B5-47AC-9233-5D9FDD6140EE}.Debug|x86.ActiveCfg = Debug|Any CPU
		{282E8FF6-97B5-47AC-9233-5D9FDD6140EE}.Debug|x86.Build.0 = Debug|Any CPU
		{282E8FF6-97B5-47AC-9233-5D9FDD6140EE}.Release|Any CPU.ActiveCfg = Release|Any CPU
		{282E8FF6-97B5-47AC-9233-5D9FDD6140EE}.Release|Any CPU.Build.0 = Release|Any CPU
		{282E8FF6-97B5-47AC-9233-5D9FDD6140EE}.Release|x64.ActiveCfg = Release|Any CPU
		{282E8FF6-97B5-47AC-9233-5D9FDD6140EE}.Release|x64.Build.0 = Release|Any CPU
		{282E8FF6-97B5-47AC-9233-5D9FDD6140EE}.Release|x86.ActiveCfg = Release|Any CPU
		{282E8FF6-97B5-47AC-9233-5D9FDD6140EE}.Release|x86.Build.0 = Release|Any CPU
		{4FEDBDD3-13AA-4495-92F4-70047451498A}.Debug|Any CPU.ActiveCfg = Debug|Any CPU
		{4FEDBDD3-13AA-4495-92F4-70047451498A}.Debug|Any CPU.Build.0 = Debug|Any CPU
		{4FEDBDD3-13AA-4495-92F4-70047451498A}.Debug|x64.ActiveCfg = Debug|Any CPU
		{4FEDBDD3-13AA-4495-92F4-70047451498A}.Debug|x64.Build.0 = Debug|Any CPU
		{4FEDBDD3-13AA-4495-92F4-70047451498A}.Debug|x86.ActiveCfg = Debug|Any CPU
		{4FEDBDD3-13AA-4495-92F4-70047451498A}.Debug|x86.Build.0 = Debug|Any CPU
		{4FEDBDD3-13AA-4495-92F4-70047451498A}.Release|Any CPU.ActiveCfg = Release|Any CPU
		{4FEDBDD3-13AA-4495-92F4-70047451498A}.Release|Any CPU.Build.0 = Release|Any CPU
		{4FEDBDD3-13AA-4495-92F4-70047451498A}.Release|x64.ActiveCfg = Release|Any CPU
		{4FEDBDD3-13AA-4495-92F4-70047451498A}.Release|x64.Build.0 = Release|Any CPU
		{4FEDBDD3-13AA-4495-92F4-70047451498A}.Release|x86.ActiveCfg = Release|Any CPU
		{4FEDBDD3-13AA-4495-92F4-70047451498A}.Release|x86.Build.0 = Release|Any CPU
		{3AF201D7-1269-4544-BCA4-8CF5D437B112}.Debug|Any CPU.ActiveCfg = Debug|Any CPU
		{3AF201D7-1269-4544-BCA4-8CF5D437B112}.Debug|Any CPU.Build.0 = Debug|Any CPU
		{3AF201D7-1269-4544-BCA4-8CF5D437B112}.Debug|x64.ActiveCfg = Debug|Any CPU
		{3AF201D7-1269-4544-BCA4-8CF5D437B112}.Debug|x64.Build.0 = Debug|Any CPU
		{3AF201D7-1269-4544-BCA4-8CF5D437B112}.Debug|x86.ActiveCfg = Debug|Any CPU
		{3AF201D7-1269-4544-BCA4-8CF5D437B112}.Debug|x86.Build.0 = Debug|Any CPU
		{3AF201D7-1269-4544-BCA4-8CF5D437B112}.Release|Any CPU.ActiveCfg = Release|Any CPU
		{3AF201D7-1269-4544-BCA4-8CF5D437B112}.Release|Any CPU.Build.0 = Release|Any CPU
		{3AF201D7-1269-4544-BCA4-8CF5D437B112}.Release|x64.ActiveCfg = Release|Any CPU
		{3AF201D7-1269-4544-BCA4-8CF5D437B112}.Release|x64.Build.0 = Release|Any CPU
		{3AF201D7-1269-4544-BCA4-8CF5D437B112}.Release|x86.ActiveCfg = Release|Any CPU
		{3AF201D7-1269-4544-BCA4-8CF5D437B112}.Release|x86.Build.0 = Release|Any CPU
		{B1257874-6AC2-4FDB-98BD-3DC7E5717E4C}.Debug|Any CPU.ActiveCfg = Debug|Any CPU
		{B1257874-6AC2-4FDB-98BD-3DC7E5717E4C}.Debug|Any CPU.Build.0 = Debug|Any CPU
		{B1257874-6AC2-4FDB-98BD-3DC7E5717E4C}.Debug|x64.ActiveCfg = Debug|Any CPU
		{B1257874-6AC2-4FDB-98BD-3DC7E5717E4C}.Debug|x64.Build.0 = Debug|Any CPU
		{B1257874-6AC2-4FDB-98BD-3DC7E5717E4C}.Debug|x86.ActiveCfg = Debug|Any CPU
		{B1257874-6AC2-4FDB-98BD-3DC7E5717E4C}.Debug|x86.Build.0 = Debug|Any CPU
		{B1257874-6AC2-4FDB-98BD-3DC7E5717E4C}.Release|Any CPU.ActiveCfg = Release|Any CPU
		{B1257874-6AC2-4FDB-98BD-3DC7E5717E4C}.Release|Any CPU.Build.0 = Release|Any CPU
		{B1257874-6AC2-4FDB-98BD-3DC7E5717E4C}.Release|x64.ActiveCfg = Release|Any CPU
		{B1257874-6AC2-4FDB-98BD-3DC7E5717E4C}.Release|x64.Build.0 = Release|Any CPU
		{B1257874-6AC2-4FDB-98BD-3DC7E5717E4C}.Release|x86.ActiveCfg = Release|Any CPU
		{B1257874-6AC2-4FDB-98BD-3DC7E5717E4C}.Release|x86.Build.0 = Release|Any CPU
		{6E24F657-9D87-4625-B30B-089A924C82CC}.Debug|Any CPU.ActiveCfg = Debug|Any CPU
		{6E24F657-9D87-4625-B30B-089A924C82CC}.Debug|Any CPU.Build.0 = Debug|Any CPU
		{6E24F657-9D87-4625-B30B-089A924C82CC}.Debug|x64.ActiveCfg = Debug|Any CPU
		{6E24F657-9D87-4625-B30B-089A924C82CC}.Debug|x64.Build.0 = Debug|Any CPU
		{6E24F657-9D87-4625-B30B-089A924C82CC}.Debug|x86.ActiveCfg = Debug|Any CPU
		{6E24F657-9D87-4625-B30B-089A924C82CC}.Debug|x86.Build.0 = Debug|Any CPU
		{6E24F657-9D87-4625-B30B-089A924C82CC}.Release|Any CPU.ActiveCfg = Release|Any CPU
		{6E24F657-9D87-4625-B30B-089A924C82CC}.Release|Any CPU.Build.0 = Release|Any CPU
		{6E24F657-9D87-4625-B30B-089A924C82CC}.Release|x64.ActiveCfg = Release|Any CPU
		{6E24F657-9D87-4625-B30B-089A924C82CC}.Release|x64.Build.0 = Release|Any CPU
		{6E24F657-9D87-4625-B30B-089A924C82CC}.Release|x86.ActiveCfg = Release|Any CPU
		{6E24F657-9D87-4625-B30B-089A924C82CC}.Release|x86.Build.0 = Release|Any CPU
		{17E5FAFA-2911-4FD3-B0B8-FBC6CFE8E997}.Debug|Any CPU.ActiveCfg = Debug|Any CPU
		{17E5FAFA-2911-4FD3-B0B8-FBC6CFE8E997}.Debug|Any CPU.Build.0 = Debug|Any CPU
		{17E5FAFA-2911-4FD3-B0B8-FBC6CFE8E997}.Debug|x64.ActiveCfg = Debug|Any CPU
		{17E5FAFA-2911-4FD3-B0B8-FBC6CFE8E997}.Debug|x64.Build.0 = Debug|Any CPU
		{17E5FAFA-2911-4FD3-B0B8-FBC6CFE8E997}.Debug|x86.ActiveCfg = Debug|Any CPU
		{17E5FAFA-2911-4FD3-B0B8-FBC6CFE8E997}.Debug|x86.Build.0 = Debug|Any CPU
		{17E5FAFA-2911-4FD3-B0B8-FBC6CFE8E997}.Release|Any CPU.ActiveCfg = Release|Any CPU
		{17E5FAFA-2911-4FD3-B0B8-FBC6CFE8E997}.Release|Any CPU.Build.0 = Release|Any CPU
		{17E5FAFA-2911-4FD3-B0B8-FBC6CFE8E997}.Release|x64.ActiveCfg = Release|Any CPU
		{17E5FAFA-2911-4FD3-B0B8-FBC6CFE8E997}.Release|x64.Build.0 = Release|Any CPU
		{17E5FAFA-2911-4FD3-B0B8-FBC6CFE8E997}.Release|x86.ActiveCfg = Release|Any CPU
		{17E5FAFA-2911-4FD3-B0B8-FBC6CFE8E997}.Release|x86.Build.0 = Release|Any CPU
		{03D34254-508C-449F-983E-CEB1E0766626}.Debug|Any CPU.ActiveCfg = Debug|Any CPU
		{03D34254-508C-449F-983E-CEB1E0766626}.Debug|Any CPU.Build.0 = Debug|Any CPU
		{03D34254-508C-449F-983E-CEB1E0766626}.Debug|x64.ActiveCfg = Debug|Any CPU
		{03D34254-508C-449F-983E-CEB1E0766626}.Debug|x64.Build.0 = Debug|Any CPU
		{03D34254-508C-449F-983E-CEB1E0766626}.Debug|x86.ActiveCfg = Debug|Any CPU
		{03D34254-508C-449F-983E-CEB1E0766626}.Debug|x86.Build.0 = Debug|Any CPU
		{03D34254-508C-449F-983E-CEB1E0766626}.Release|Any CPU.ActiveCfg = Release|Any CPU
		{03D34254-508C-449F-983E-CEB1E0766626}.Release|Any CPU.Build.0 = Release|Any CPU
		{03D34254-508C-449F-983E-CEB1E0766626}.Release|x64.ActiveCfg = Release|Any CPU
		{03D34254-508C-449F-983E-CEB1E0766626}.Release|x64.Build.0 = Release|Any CPU
		{03D34254-508C-449F-983E-CEB1E0766626}.Release|x86.ActiveCfg = Release|Any CPU
		{03D34254-508C-449F-983E-CEB1E0766626}.Release|x86.Build.0 = Release|Any CPU
		{788092C8-B1DB-425B-8F30-8517AD865FBA}.Debug|Any CPU.ActiveCfg = Debug|Any CPU
		{788092C8-B1DB-425B-8F30-8517AD865FBA}.Debug|Any CPU.Build.0 = Debug|Any CPU
		{788092C8-B1DB-425B-8F30-8517AD865FBA}.Debug|x64.ActiveCfg = Debug|Any CPU
		{788092C8-B1DB-425B-8F30-8517AD865FBA}.Debug|x64.Build.0 = Debug|Any CPU
		{788092C8-B1DB-425B-8F30-8517AD865FBA}.Debug|x86.ActiveCfg = Debug|Any CPU
		{788092C8-B1DB-425B-8F30-8517AD865FBA}.Debug|x86.Build.0 = Debug|Any CPU
		{788092C8-B1DB-425B-8F30-8517AD865FBA}.Release|Any CPU.ActiveCfg = Release|Any CPU
		{788092C8-B1DB-425B-8F30-8517AD865FBA}.Release|Any CPU.Build.0 = Release|Any CPU
		{788092C8-B1DB-425B-8F30-8517AD865FBA}.Release|x64.ActiveCfg = Release|Any CPU
		{788092C8-B1DB-425B-8F30-8517AD865FBA}.Release|x64.Build.0 = Release|Any CPU
		{788092C8-B1DB-425B-8F30-8517AD865FBA}.Release|x86.ActiveCfg = Release|Any CPU
		{788092C8-B1DB-425B-8F30-8517AD865FBA}.Release|x86.Build.0 = Release|Any CPU
		{6721100E-A7C3-41E8-BBA2-B076E3EC23F0}.Debug|Any CPU.ActiveCfg = Debug|Any CPU
		{6721100E-A7C3-41E8-BBA2-B076E3EC23F0}.Debug|Any CPU.Build.0 = Debug|Any CPU
		{6721100E-A7C3-41E8-BBA2-B076E3EC23F0}.Debug|x64.ActiveCfg = Debug|Any CPU
		{6721100E-A7C3-41E8-BBA2-B076E3EC23F0}.Debug|x64.Build.0 = Debug|Any CPU
		{6721100E-A7C3-41E8-BBA2-B076E3EC23F0}.Debug|x86.ActiveCfg = Debug|Any CPU
		{6721100E-A7C3-41E8-BBA2-B076E3EC23F0}.Debug|x86.Build.0 = Debug|Any CPU
		{6721100E-A7C3-41E8-BBA2-B076E3EC23F0}.Release|Any CPU.ActiveCfg = Release|Any CPU
		{6721100E-A7C3-41E8-BBA2-B076E3EC23F0}.Release|Any CPU.Build.0 = Release|Any CPU
		{6721100E-A7C3-41E8-BBA2-B076E3EC23F0}.Release|x64.ActiveCfg = Release|Any CPU
		{6721100E-A7C3-41E8-BBA2-B076E3EC23F0}.Release|x64.Build.0 = Release|Any CPU
		{6721100E-A7C3-41E8-BBA2-B076E3EC23F0}.Release|x86.ActiveCfg = Release|Any CPU
		{6721100E-A7C3-41E8-BBA2-B076E3EC23F0}.Release|x86.Build.0 = Release|Any CPU
	EndGlobalSection
	GlobalSection(SolutionProperties) = preSolution
		HideSolutionNode = FALSE
	EndGlobalSection
	GlobalSection(NestedProjects) = preSolution
		{7F5D98F7-7078-4EF7-A348-080B6CAD9578} = {708BC592-6E52-4CAF-901B-4ABB233A2560}
		{D63C4C03-7801-4429-9C30-4EC3B5B38BC9} = {C4C68BF8-4C73-4181-B605-4E56CB73B3B1}
		{4CCC6E0E-7A3D-471D-B84C-3995E8A21100} = {C4C68BF8-4C73-4181-B605-4E56CB73B3B1}
		{371EB0E5-D43B-42D0-8EE0-A43565839979} = {C4C68BF8-4C73-4181-B605-4E56CB73B3B1}
		{7B0B350A-1154-465F-B9BB-F6C159088B65} = {C4C68BF8-4C73-4181-B605-4E56CB73B3B1}
		{B67FB5B4-27CB-4FCF-8A40-2B46DD743B26} = {A38E4F97-470F-445B-9154-F94C3A54C207}
		{28381450-980C-45B5-9318-7789A45F704C} = {A38E4F97-470F-445B-9154-F94C3A54C207}
		{B0BDA847-F033-4169-9DC7-56E38A1B123F} = {A38E4F97-470F-445B-9154-F94C3A54C207}
		{0758D20D-6190-4179-A3C4-A62127B98A32} = {A38E4F97-470F-445B-9154-F94C3A54C207}
		{660A2896-1D78-43F9-BCE4-5DE79D6F4B38} = {4BBF7269-D49E-4CA5-999E-7656F4702197}
		{3CDB369E-778D-47D1-A4AE-31E3DD69BF89} = {4BBF7269-D49E-4CA5-999E-7656F4702197}
		{B97F37CB-C9BA-4ED2-A30A-C651D270C836} = {4BBF7269-D49E-4CA5-999E-7656F4702197}
		{282E8FF6-97B5-47AC-9233-5D9FDD6140EE} = {D184B4F4-7DB8-4177-AAB2-658520569116}
		{4FEDBDD3-13AA-4495-92F4-70047451498A} = {D184B4F4-7DB8-4177-AAB2-658520569116}
		{3AF201D7-1269-4544-BCA4-8CF5D437B112} = {D184B4F4-7DB8-4177-AAB2-658520569116}
		{B1257874-6AC2-4FDB-98BD-3DC7E5717E4C} = {18D341D4-46DD-484C-AF0C-F00B7275961F}
		{6E24F657-9D87-4625-B30B-089A924C82CC} = {18D341D4-46DD-484C-AF0C-F00B7275961F}
		{17E5FAFA-2911-4FD3-B0B8-FBC6CFE8E997} = {D184B4F4-7DB8-4177-AAB2-658520569116}
		{03D34254-508C-449F-983E-CEB1E0766626} = {D184B4F4-7DB8-4177-AAB2-658520569116}
		{788092C8-B1DB-425B-8F30-8517AD865FBA} = {D184B4F4-7DB8-4177-AAB2-658520569116}
		{6721100E-A7C3-41E8-BBA2-B076E3EC23F0} = {708BC592-6E52-4CAF-901B-4ABB233A2560}
	EndGlobalSection
	GlobalSection(ExtensibilityGlobals) = postSolution
		SolutionGuid = {4BEC769B-BC32-428F-9753-B5FDCF09812E}
	EndGlobalSection
EndGlobal
